
Microsoft Visual Studio Solution File, Format Version 12.00
# Visual Studio Version 16
VisualStudioVersion = 16.0.31205.134
MinimumVisualStudioVersion = 10.0.40219.1
Project("{FAE04EC0-301F-11D3-BF4B-00C04F79EFBC}") = "UDP_Server", "UDP_ClientServer\UDP_Server.csproj", "{9321B9EC-E074-46A1-9801-BBEDF6C83FDC}"
EndProject
Project("{FAE04EC0-301F-11D3-BF4B-00C04F79EFBC}") = "UDP_Client", "UDP_Client\UDP_Client.csproj", "{A8D49EFE-7653-4B40-B3DF-FC87C81AA5D0}"
EndProject
Project("{FAE04EC0-301F-11D3-BF4B-00C04F79EFBC}") = "Domain", "Domain\Domain.csproj", "{79E3B6B7-5355-4033-B8EC-A0B0227615B5}"
EndProject
Global
	GlobalSection(SolutionConfigurationPlatforms) = preSolution
		Debug|Any CPU = Debug|Any CPU
		Release|Any CPU = Release|Any CPU
	EndGlobalSection
	GlobalSection(ProjectConfigurationPlatforms) = postSolution
		{9321B9EC-E074-46A1-9801-BBEDF6C83FDC}.Debug|Any CPU.ActiveCfg = Debug|Any CPU
		{9321B9EC-E074-46A1-9801-BBEDF6C83FDC}.Debug|Any CPU.Build.0 = Debug|Any CPU
		{9321B9EC-E074-46A1-9801-BBEDF6C83FDC}.Release|Any CPU.ActiveCfg = Release|Any CPU
		{9321B9EC-E074-46A1-9801-BBEDF6C83FDC}.Release|Any CPU.Build.0 = Release|Any CPU
		{A8D49EFE-7653-4B40-B3DF-FC87C81AA5D0}.Debug|Any CPU.ActiveCfg = Debug|Any CPU
		{A8D49EFE-7653-4B40-B3DF-FC87C81AA5D0}.Debug|Any CPU.Build.0 = Debug|Any CPU
		{A8D49EFE-7653-4B40-B3DF-FC87C81AA5D0}.Release|Any CPU.ActiveCfg = Release|Any CPU
		{A8D49EFE-7653-4B40-B3DF-FC87C81AA5D0}.Release|Any CPU.Build.0 = Release|Any CPU
		{79E3B6B7-5355-4033-B8EC-A0B0227615B5}.Debug|Any CPU.ActiveCfg = Debug|Any CPU
		{79E3B6B7-5355-4033-B8EC-A0B0227615B5}.Debug|Any CPU.Build.0 = Debug|Any CPU
		{79E3B6B7-5355-4033-B8EC-A0B0227615B5}.Release|Any CPU.ActiveCfg = Release|Any CPU
		{79E3B6B7-5355-4033-B8EC-A0B0227615B5}.Release|Any CPU.Build.0 = Release|Any CPU
	EndGlobalSection
	GlobalSection(SolutionProperties) = preSolution
		HideSolutionNode = FALSE
	EndGlobalSection
	GlobalSection(ExtensibilityGlobals) = postSolution
		SolutionGuid = {121B1C83-31F0-4180-9D90-419613E7C758}
	EndGlobalSection
EndGlobal
